
Microsoft Visual Studio Solution File, Format Version 12.00
# Visual Studio 15
VisualStudioVersion = 15.0.28307.421
MinimumVisualStudioVersion = 10.0.40219.1
Project("{FAE04EC0-301F-11D3-BF4B-00C04F79EFBC}") = "Questionnaire", "Questionnaire\Questionnaire.csproj", "{A91927D1-2008-40BC-8A4D-4F2C6BB275B5}"
EndProject
Global
	GlobalSection(SolutionConfigurationPlatforms) = preSolution
		Debug|Any CPU = Debug|Any CPU
		Release|Any CPU = Release|Any CPU
	EndGlobalSection
	GlobalSection(ProjectConfigurationPlatforms) = postSolution
		{A91927D1-2008-40BC-8A4D-4F2C6BB275B5}.Debug|Any CPU.ActiveCfg = Debug|Any CPU
		{A91927D1-2008-40BC-8A4D-4F2C6BB275B5}.Debug|Any CPU.Build.0 = Debug|Any CPU
		{A91927D1-2008-40BC-8A4D-4F2C6BB275B5}.Release|Any CPU.ActiveCfg = Release|Any CPU
		{A91927D1-2008-40BC-8A4D-4F2C6BB275B5}.Release|Any CPU.Build.0 = Release|Any CPU
	EndGlobalSection
	GlobalSection(SolutionProperties) = preSolution
		HideSolutionNode = FALSE
	EndGlobalSection
	GlobalSection(ExtensibilityGlobals) = postSolution
		SolutionGuid = {B53BC95A-3C22-45D5-B63B-62C01020AFCD}
	EndGlobalSection
EndGlobal
